# THIS IS AN AUTOGENERATED FILE. DO NOT EDIT THIS FILE DIRECTLY.
# yarn lockfile v1


install@^0.12.2:
  version "0.12.2"
  resolved "https://registry.yarnpkg.com/install/-/install-0.12.2.tgz#ea10e9b2cbb5b0484f25080b24b5b34429d9f564"
  integrity sha512-+7thTb4Rpvs9mnlhHKGZFJbGOO6kyMgy+gg0sgM5vFzIFK0wrCYXqdlaM71Bi289DTuPHf61puMFsaZBcwDIrg==

mime@^2.3.1:
  version "2.3.1"
  resolved "https://registry.yarnpkg.com/mime/-/mime-2.3.1.tgz#b1621c54d63b97c47d3cfe7f7215f7d64517c369"
  integrity sha512-OEUllcVoydBHGN1z84yfQDimn58pZNNNXgZlHXSboxMlFvgI6MXSWpWKpFRra7H1HxpVhHTkrghfRW49k6yjeg==
